
Microsoft Visual Studio Solution File, Format Version 12.00
# Visual Studio Version 17
VisualStudioVersion = 17.3.32922.545
MinimumVisualStudioVersion = 10.0.40219.1
Project("{FAE04EC0-301F-11D3-BF4B-00C04F79EFBC}") = "2_Alles_Bunt", "2_Alles_Bunt\2_Alles_Bunt.csproj", "{3A543DE5-0279-499D-9137-EF59305890C9}"
EndProject
Global
	GlobalSection(SolutionConfigurationPlatforms) = preSolution
		Debug|Any CPU = Debug|Any CPU
		Release|Any CPU = Release|Any CPU
	EndGlobalSection
	GlobalSection(ProjectConfigurationPlatforms) = postSolution
		{3A543DE5-0279-499D-9137-EF59305890C9}.Debug|Any CPU.ActiveCfg = Debug|Any CPU
		{3A543DE5-0279-499D-9137-EF59305890C9}.Debug|Any CPU.Build.0 = Debug|Any CPU
		{3A543DE5-0279-499D-9137-EF59305890C9}.Release|Any CPU.ActiveCfg = Release|Any CPU
		{3A543DE5-0279-499D-9137-EF59305890C9}.Release|Any CPU.Build.0 = Release|Any CPU
	EndGlobalSection
	GlobalSection(SolutionProperties) = preSolution
		HideSolutionNode = FALSE
	EndGlobalSection
	GlobalSection(ExtensibilityGlobals) = postSolution
		SolutionGuid = {CF287A1D-16FD-49F2-95EC-6665C07950E5}
	EndGlobalSection
EndGlobal
